
Microsoft Visual Studio Solution File, Format Version 12.00
# Visual Studio Version 17
VisualStudioVersion = 17.6.33815.320
MinimumVisualStudioVersion = 10.0.40219.1
Project("{FAE04EC0-301F-11D3-BF4B-00C04F79EFBC}") = "ExpenseTracker", "ExpenseTracker.csproj", "{7853BB9F-9992-4A29-B641-4C076CA6DC1B}"
EndProject
Project("{FAE04EC0-301F-11D3-BF4B-00C04F79EFBC}") = "ExpenseTracker.Business", "..\ExpenseTracker.Business\ExpenseTracker.Business.csproj", "{77EB7F2A-2D6A-4466-ABBB-C285D87DAF31}"
EndProject
Project("{FAE04EC0-301F-11D3-BF4B-00C04F79EFBC}") = "ExpenseTracker.Data", "..\ExpenseTracker.Data\ExpenseTracker.Data.csproj", "{282610EB-7E2C-40BC-9361-AA733179E961}"
EndProject
Project("{FAE04EC0-301F-11D3-BF4B-00C04F79EFBC}") = "ExpenseTracker.Core", "..\ExpenseTracker.Core\ExpenseTracker.Core.csproj", "{C54DC1DD-5086-49DF-B938-57660F104140}"
EndProject
Global
	GlobalSection(SolutionConfigurationPlatforms) = preSolution
		Debug|Any CPU = Debug|Any CPU
		Release|Any CPU = Release|Any CPU
	EndGlobalSection
	GlobalSection(ProjectConfigurationPlatforms) = postSolution
		{7853BB9F-9992-4A29-B641-4C076CA6DC1B}.Debug|Any CPU.ActiveCfg = Debug|Any CPU
		{7853BB9F-9992-4A29-B641-4C076CA6DC1B}.Debug|Any CPU.Build.0 = Debug|Any CPU
		{7853BB9F-9992-4A29-B641-4C076CA6DC1B}.Release|Any CPU.ActiveCfg = Release|Any CPU
		{7853BB9F-9992-4A29-B641-4C076CA6DC1B}.Release|Any CPU.Build.0 = Release|Any CPU
		{77EB7F2A-2D6A-4466-ABBB-C285D87DAF31}.Debug|Any CPU.ActiveCfg = Debug|Any CPU
		{77EB7F2A-2D6A-4466-ABBB-C285D87DAF31}.Debug|Any CPU.Build.0 = Debug|Any CPU
		{77EB7F2A-2D6A-4466-ABBB-C285D87DAF31}.Release|Any CPU.ActiveCfg = Release|Any CPU
		{77EB7F2A-2D6A-4466-ABBB-C285D87DAF31}.Release|Any CPU.Build.0 = Release|Any CPU
		{282610EB-7E2C-40BC-9361-AA733179E961}.Debug|Any CPU.ActiveCfg = Debug|Any CPU
		{282610EB-7E2C-40BC-9361-AA733179E961}.Debug|Any CPU.Build.0 = Debug|Any CPU
		{282610EB-7E2C-40BC-9361-AA733179E961}.Release|Any CPU.ActiveCfg = Release|Any CPU
		{282610EB-7E2C-40BC-9361-AA733179E961}.Release|Any CPU.Build.0 = Release|Any CPU
		{C54DC1DD-5086-49DF-B938-57660F104140}.Debug|Any CPU.ActiveCfg = Debug|Any CPU
		{C54DC1DD-5086-49DF-B938-57660F104140}.Debug|Any CPU.Build.0 = Debug|Any CPU
		{C54DC1DD-5086-49DF-B938-57660F104140}.Release|Any CPU.ActiveCfg = Release|Any CPU
		{C54DC1DD-5086-49DF-B938-57660F104140}.Release|Any CPU.Build.0 = Release|Any CPU
	EndGlobalSection
	GlobalSection(SolutionProperties) = preSolution
		HideSolutionNode = FALSE
	EndGlobalSection
	GlobalSection(ExtensibilityGlobals) = postSolution
		SolutionGuid = {CA196DEF-5948-450C-B838-711CEE245CE1}
	EndGlobalSection
EndGlobal
